
Microsoft Visual Studio Solution File, Format Version 12.00
# Visual Studio Version 16
VisualStudioVersion = 16.0.30907.101
MinimumVisualStudioVersion = 10.0.40219.1
Project("{8BC9CEB8-8B4A-11D0-8D11-00A0C91BC942}") = "Final-6883", "Final-6883.vcxproj", "{7B727A7B-CD82-4D70-B9BF-A696ACAD3857}"
EndProject
Global
	GlobalSection(SolutionConfigurationPlatforms) = preSolution
		Debug|x64 = Debug|x64
		Debug|x86 = Debug|x86
		Release|x64 = Release|x64
		Release|x86 = Release|x86
	EndGlobalSection
	GlobalSection(ProjectConfigurationPlatforms) = postSolution
		{7B727A7B-CD82-4D70-B9BF-A696ACAD3857}.Debug|x64.ActiveCfg = Debug|x64
		{7B727A7B-CD82-4D70-B9BF-A696ACAD3857}.Debug|x64.Build.0 = Debug|x64
		{7B727A7B-CD82-4D70-B9BF-A696ACAD3857}.Debug|x86.ActiveCfg = Debug|Win32
		{7B727A7B-CD82-4D70-B9BF-A696ACAD3857}.Debug|x86.Build.0 = Debug|Win32
		{7B727A7B-CD82-4D70-B9BF-A696ACAD3857}.Release|x64.ActiveCfg = Release|x64
		{7B727A7B-CD82-4D70-B9BF-A696ACAD3857}.Release|x64.Build.0 = Release|x64
		{7B727A7B-CD82-4D70-B9BF-A696ACAD3857}.Release|x86.ActiveCfg = Release|Win32
		{7B727A7B-CD82-4D70-B9BF-A696ACAD3857}.Release|x86.Build.0 = Release|Win32
	EndGlobalSection
	GlobalSection(SolutionProperties) = preSolution
		HideSolutionNode = FALSE
	EndGlobalSection
	GlobalSection(ExtensibilityGlobals) = postSolution
		SolutionGuid = {A406A830-43DC-4E98-BC75-268144B9313A}
	EndGlobalSection
EndGlobal
